
Microsoft Visual Studio Solution File, Format Version 12.00
# Visual Studio Version 17
VisualStudioVersion = 17.2.32630.192
MinimumVisualStudioVersion = 10.0.40219.1
Project("{9A19103F-16F7-4668-BE54-9A1E7A4F7556}") = "RabbitSender", "RabbitSender\RabbitSender.csproj", "{6C34DFAD-1FE1-43BD-94B2-539D9D7561ED}"
EndProject
Project("{FAE04EC0-301F-11D3-BF4B-00C04F79EFBC}") = "RabbitReceiver", "RabbitReceiver\RabbitReceiver.csproj", "{5F2D37CB-D469-42F5-8FAF-8D58FE9479DF}"
EndProject
Global
	GlobalSection(SolutionConfigurationPlatforms) = preSolution
		Debug|Any CPU = Debug|Any CPU
		Release|Any CPU = Release|Any CPU
	EndGlobalSection
	GlobalSection(ProjectConfigurationPlatforms) = postSolution
		{6C34DFAD-1FE1-43BD-94B2-539D9D7561ED}.Debug|Any CPU.ActiveCfg = Debug|Any CPU
		{6C34DFAD-1FE1-43BD-94B2-539D9D7561ED}.Debug|Any CPU.Build.0 = Debug|Any CPU
		{6C34DFAD-1FE1-43BD-94B2-539D9D7561ED}.Release|Any CPU.ActiveCfg = Release|Any CPU
		{6C34DFAD-1FE1-43BD-94B2-539D9D7561ED}.Release|Any CPU.Build.0 = Release|Any CPU
		{5F2D37CB-D469-42F5-8FAF-8D58FE9479DF}.Debug|Any CPU.ActiveCfg = Debug|Any CPU
		{5F2D37CB-D469-42F5-8FAF-8D58FE9479DF}.Debug|Any CPU.Build.0 = Debug|Any CPU
		{5F2D37CB-D469-42F5-8FAF-8D58FE9479DF}.Release|Any CPU.ActiveCfg = Release|Any CPU
		{5F2D37CB-D469-42F5-8FAF-8D58FE9479DF}.Release|Any CPU.Build.0 = Release|Any CPU
	EndGlobalSection
	GlobalSection(SolutionProperties) = preSolution
		HideSolutionNode = FALSE
	EndGlobalSection
	GlobalSection(ExtensibilityGlobals) = postSolution
		SolutionGuid = {DCC89261-0934-435D-AEC3-F4CE615B3442}
	EndGlobalSection
EndGlobal
